
Microsoft Visual Studio Solution File, Format Version 12.00
# Visual Studio Version 17
VisualStudioVersion = 17.9.34622.214
MinimumVisualStudioVersion = 10.0.40219.1
Project("{FAE04EC0-301F-11D3-BF4B-00C04F79EFBC}") = "Arrays", "Arrays.csproj", "{87FAF010-6481-4729-B0D4-065622792ACE}"
EndProject
Global
	GlobalSection(SolutionConfigurationPlatforms) = preSolution
		Debug|Any CPU = Debug|Any CPU
		Release|Any CPU = Release|Any CPU
	EndGlobalSection
	GlobalSection(ProjectConfigurationPlatforms) = postSolution
		{87FAF010-6481-4729-B0D4-065622792ACE}.Debug|Any CPU.ActiveCfg = Debug|Any CPU
		{87FAF010-6481-4729-B0D4-065622792ACE}.Debug|Any CPU.Build.0 = Debug|Any CPU
		{87FAF010-6481-4729-B0D4-065622792ACE}.Release|Any CPU.ActiveCfg = Release|Any CPU
		{87FAF010-6481-4729-B0D4-065622792ACE}.Release|Any CPU.Build.0 = Release|Any CPU
	EndGlobalSection
	GlobalSection(SolutionProperties) = preSolution
		HideSolutionNode = FALSE
	EndGlobalSection
	GlobalSection(ExtensibilityGlobals) = postSolution
		SolutionGuid = {38E1340B-96FE-40E8-96CD-96634FC9837C}
	EndGlobalSection
EndGlobal
